// !$*UTF8*$!
{
	archiveVersion = 1;
	classes = {
	};
	objectVersion = 56;
	objects = {

/* Begin PBXBuildFile section */
		7A712A5712CC8308EE4A58E7 /* Pods_messages2.framework in Frameworks */ = {isa = PBXBuildFile; fileRef = 70720179041D695DF8394D66 /* Pods_messages2.framework */; };
		9551FDDC29721B4400EC6FB1 /* AppDelegate.swift in Sources */ = {isa = PBXBuildFile; fileRef = 9551FDDB29721B4400EC6FB1 /* AppDelegate.swift */; };
		9551FDDE29721B4400EC6FB1 /* SceneDelegate.swift in Sources */ = {isa = PBXBuildFile; fileRef = 9551FDDD29721B4400EC6FB1 /* SceneDelegate.swift */; };
		9551FDE329721B4400EC6FB1 /* Main.storyboard in Resources */ = {isa = PBXBuildFile; fileRef = 9551FDE129721B4400EC6FB1 /* Main.storyboard */; };
		9551FDE529721B4600EC6FB1 /* Assets.xcassets in Resources */ = {isa = PBXBuildFile; fileRef = 9551FDE429721B4600EC6FB1 /* Assets.xcassets */; };
		9551FDE829721B4600EC6FB1 /* LaunchScreen.storyboard in Resources */ = {isa = PBXBuildFile; fileRef = 9551FDE629721B4600EC6FB1 /* LaunchScreen.storyboard */; };
		9551FDF329721B4600EC6FB1 /* messages2Tests.swift in Sources */ = {isa = PBXBuildFile; fileRef = 9551FDF229721B4600EC6FB1 /* messages2Tests.swift */; };
		9551FDFD29721B4600EC6FB1 /* messages2UITests.swift in Sources */ = {isa = PBXBuildFile; fileRef = 9551FDFC29721B4600EC6FB1 /* messages2UITests.swift */; };
		9551FDFF29721B4600EC6FB1 /* messages2UITestsLaunchTests.swift in Sources */ = {isa = PBXBuildFile; fileRef = 9551FDFE29721B4600EC6FB1 /* messages2UITestsLaunchTests.swift */; };
		9551FE122972226E00EC6FB1 /* ConversationsViewController.swift in Sources */ = {isa = PBXBuildFile; fileRef = 9551FE112972226E00EC6FB1 /* ConversationsViewController.swift */; };
		9551FE14297223F300EC6FB1 /* LoginViewController.swift in Sources */ = {isa = PBXBuildFile; fileRef = 9551FE13297223F300EC6FB1 /* LoginViewController.swift */; };
		9551FE162972240600EC6FB1 /* RegisterViewController.swift in Sources */ = {isa = PBXBuildFile; fileRef = 9551FE152972240600EC6FB1 /* RegisterViewController.swift */; };
		9551FE182972243800EC6FB1 /* PhotoViewerViewController.swift in Sources */ = {isa = PBXBuildFile; fileRef = 9551FE172972243800EC6FB1 /* PhotoViewerViewController.swift */; };
		9551FE1A2972244700EC6FB1 /* VideoPlayerViewController.swift in Sources */ = {isa = PBXBuildFile; fileRef = 9551FE192972244700EC6FB1 /* VideoPlayerViewController.swift */; };
		9551FE1E2972256800EC6FB1 /* ProfileViewController.swift in Sources */ = {isa = PBXBuildFile; fileRef = 9551FE1D2972256800EC6FB1 /* ProfileViewController.swift */; };
		9592137E29724E080081ED00 /* Extensions.swift in Sources */ = {isa = PBXBuildFile; fileRef = 9592137D29724E080081ED00 /* Extensions.swift */; };
		959213822973006A0081ED00 /* GoogleService-Info.plist in Resources */ = {isa = PBXBuildFile; fileRef = 959213812973006A0081ED00 /* GoogleService-Info.plist */; };
		95921384297319510081ED00 /* DatabaseManager.swift in Sources */ = {isa = PBXBuildFile; fileRef = 95921383297319510081ED00 /* DatabaseManager.swift */; };
		9592138629738BD70081ED00 /* ChatViewController.swift in Sources */ = {isa = PBXBuildFile; fileRef = 9592138529738BD70081ED00 /* ChatViewController.swift */; };
		95921388297397DA0081ED00 /* NewConversationViewController.swift in Sources */ = {isa = PBXBuildFile; fileRef = 95921387297397DA0081ED00 /* NewConversationViewController.swift */; };
/* End PBXBuildFile section */

/* Begin PBXContainerItemProxy section */
		9551FDEF29721B4600EC6FB1 /* PBXContainerItemProxy */ = {
			isa = PBXContainerItemProxy;
			containerPortal = 9551FDD029721B4400EC6FB1 /* Project object */;
			proxyType = 1;
			remoteGlobalIDString = 9551FDD729721B4400EC6FB1;
			remoteInfo = messages2;
		};
		9551FDF929721B4600EC6FB1 /* PBXContainerItemProxy */ = {
			isa = PBXContainerItemProxy;
			containerPortal = 9551FDD029721B4400EC6FB1 /* Project object */;
			proxyType = 1;
			remoteGlobalIDString = 9551FDD729721B4400EC6FB1;
			remoteInfo = messages2;
		};
/* End PBXContainerItemProxy section */

/* Begin PBXFileReference section */
		2DF5DE1C3CFE2F3308FA9AC8 /* Pods-messages2.debug.xcconfig */ = {isa = PBXFileReference; includeInIndex = 1; lastKnownFileType = text.xcconfig; name = "Pods-messages2.debug.xcconfig"; path = "Target Support Files/Pods-messages2/Pods-messages2.debug.xcconfig"; sourceTree = "<group>"; };
		70720179041D695DF8394D66 /* Pods_messages2.framework */ = {isa = PBXFileReference; explicitFileType = wrapper.framework; includeInIndex = 0; path = Pods_messages2.framework; sourceTree = BUILT_PRODUCTS_DIR; };
		9551FDD829721B4400EC6FB1 /* messages2.app */ = {isa = PBXFileReference; explicitFileType = wrapper.application; includeInIndex = 0; path = messages2.app; sourceTree = BUILT_PRODUCTS_DIR; };
		9551FDDB29721B4400EC6FB1 /* AppDelegate.swift */ = {isa = PBXFileReference; lastKnownFileType = sourcecode.swift; path = AppDelegate.swift; sourceTree = "<group>"; };
		9551FDDD29721B4400EC6FB1 /* SceneDelegate.swift */ = {isa = PBXFileReference; lastKnownFileType = sourcecode.swift; path = SceneDelegate.swift; sourceTree = "<group>"; };
		9551FDE229721B4400EC6FB1 /* Base */ = {isa = PBXFileReference; lastKnownFileType = file.storyboard; name = Base; path = Base.lproj/Main.storyboard; sourceTree = "<group>"; };
		9551FDE429721B4600EC6FB1 /* Assets.xcassets */ = {isa = PBXFileReference; lastKnownFileType = folder.assetcatalog; path = Assets.xcassets; sourceTree = "<group>"; };
		9551FDE729721B4600EC6FB1 /* Base */ = {isa = PBXFileReference; lastKnownFileType = file.storyboard; name = Base; path = Base.lproj/LaunchScreen.storyboard; sourceTree = "<group>"; };
		9551FDE929721B4600EC6FB1 /* Info.plist */ = {isa = PBXFileReference; lastKnownFileType = text.plist.xml; path = Info.plist; sourceTree = "<group>"; };
		9551FDEE29721B4600EC6FB1 /* messages2Tests.xctest */ = {isa = PBXFileReference; explicitFileType = wrapper.cfbundle; includeInIndex = 0; path = messages2Tests.xctest; sourceTree = BUILT_PRODUCTS_DIR; };
		9551FDF229721B4600EC6FB1 /* messages2Tests.swift */ = {isa = PBXFileReference; lastKnownFileType = sourcecode.swift; path = messages2Tests.swift; sourceTree = "<group>"; };
		9551FDF829721B4600EC6FB1 /* messages2UITests.xctest */ = {isa = PBXFileReference; explicitFileType = wrapper.cfbundle; includeInIndex = 0; path = messages2UITests.xctest; sourceTree = BUILT_PRODUCTS_DIR; };
		9551FDFC29721B4600EC6FB1 /* messages2UITests.swift */ = {isa = PBXFileReference; lastKnownFileType = sourcecode.swift; path = messages2UITests.swift; sourceTree = "<group>"; };
		9551FDFE29721B4600EC6FB1 /* messages2UITestsLaunchTests.swift */ = {isa = PBXFileReference; lastKnownFileType = sourcecode.swift; path = messages2UITestsLaunchTests.swift; sourceTree = "<group>"; };
		9551FE112972226E00EC6FB1 /* ConversationsViewController.swift */ = {isa = PBXFileReference; lastKnownFileType = sourcecode.swift; path = ConversationsViewController.swift; sourceTree = "<group>"; };
		9551FE13297223F300EC6FB1 /* LoginViewController.swift */ = {isa = PBXFileReference; lastKnownFileType = sourcecode.swift; path = LoginViewController.swift; sourceTree = "<group>"; };
		9551FE152972240600EC6FB1 /* RegisterViewController.swift */ = {isa = PBXFileReference; lastKnownFileType = sourcecode.swift; path = RegisterViewController.swift; sourceTree = "<group>"; };
		9551FE172972243800EC6FB1 /* PhotoViewerViewController.swift */ = {isa = PBXFileReference; lastKnownFileType = sourcecode.swift; path = PhotoViewerViewController.swift; sourceTree = "<group>"; };
		9551FE192972244700EC6FB1 /* VideoPlayerViewController.swift */ = {isa = PBXFileReference; lastKnownFileType = sourcecode.swift; path = VideoPlayerViewController.swift; sourceTree = "<group>"; };
		9551FE1D2972256800EC6FB1 /* ProfileViewController.swift */ = {isa = PBXFileReference; lastKnownFileType = sourcecode.swift; path = ProfileViewController.swift; sourceTree = "<group>"; };
		9592137D29724E080081ED00 /* Extensions.swift */ = {isa = PBXFileReference; lastKnownFileType = sourcecode.swift; path = Extensions.swift; sourceTree = "<group>"; };
		9592137F297300340081ED00 /* GoogleService-Info.plist */ = {isa = PBXFileReference; fileEncoding = 4; lastKnownFileType = text.plist.xml; name = "GoogleService-Info.plist"; path = "../../../../Downloads/GoogleService-Info.plist"; sourceTree = "<group>"; };
		959213812973006A0081ED00 /* GoogleService-Info.plist */ = {isa = PBXFileReference; fileEncoding = 4; lastKnownFileType = text.plist.xml; path = "GoogleService-Info.plist"; sourceTree = "<group>"; };
		95921383297319510081ED00 /* DatabaseManager.swift */ = {isa = PBXFileReference; lastKnownFileType = sourcecode.swift; path = DatabaseManager.swift; sourceTree = "<group>"; };
		9592138529738BD70081ED00 /* ChatViewController.swift */ = {isa = PBXFileReference; lastKnownFileType = sourcecode.swift; path = ChatViewController.swift; sourceTree = "<group>"; };
		95921387297397DA0081ED00 /* NewConversationViewController.swift */ = {isa = PBXFileReference; lastKnownFileType = sourcecode.swift; path = NewConversationViewController.swift; sourceTree = "<group>"; };
		EE6688EF791B753DE40388E1 /* Pods-messages2.release.xcconfig */ = {isa = PBXFileReference; includeInIndex = 1; lastKnownFileType = text.xcconfig; name = "Pods-messages2.release.xcconfig"; path = "Target Support Files/Pods-messages2/Pods-messages2.release.xcconfig"; sourceTree = "<group>"; };
/* End PBXFileReference section */

/* Begin PBXFrameworksBuildPhase section */
		9551FDD529721B4400EC6FB1 /* Frameworks */ = {
			isa = PBXFrameworksBuildPhase;
			buildActionMask = 2147483647;
			files = (
				7A712A5712CC8308EE4A58E7 /* Pods_messages2.framework in Frameworks */,
			);
			runOnlyForDeploymentPostprocessing = 0;
		};
		9551FDEB29721B4600EC6FB1 /* Frameworks */ = {
			isa = PBXFrameworksBuildPhase;
			buildActionMask = 2147483647;
			files = (
			);
			runOnlyForDeploymentPostprocessing = 0;
		};
		9551FDF529721B4600EC6FB1 /* Frameworks */ = {
			isa = PBXFrameworksBuildPhase;
			buildActionMask = 2147483647;
			files = (
			);
			runOnlyForDeploymentPostprocessing = 0;
		};
/* End PBXFrameworksBuildPhase section */

/* Begin PBXGroup section */
		05060DAF490C36E4239C0FD8 /* Pods */ = {
			isa = PBXGroup;
			children = (
				2DF5DE1C3CFE2F3308FA9AC8 /* Pods-messages2.debug.xcconfig */,
				EE6688EF791B753DE40388E1 /* Pods-messages2.release.xcconfig */,
			);
			path = Pods;
			sourceTree = "<group>";
		};
		541066BDB2601BE24CB5AF4F /* Frameworks */ = {
			isa = PBXGroup;
			children = (
				70720179041D695DF8394D66 /* Pods_messages2.framework */,
			);
			name = Frameworks;
			sourceTree = "<group>";
		};
		9551FDCF29721B4400EC6FB1 = {
			isa = PBXGroup;
			children = (
				9551FDDA29721B4400EC6FB1 /* messages2 */,
				9551FDF129721B4600EC6FB1 /* messages2Tests */,
				9551FDFB29721B4600EC6FB1 /* messages2UITests */,
				9551FDD929721B4400EC6FB1 /* Products */,
				05060DAF490C36E4239C0FD8 /* Pods */,
				541066BDB2601BE24CB5AF4F /* Frameworks */,
			);
			sourceTree = "<group>";
		};
		9551FDD929721B4400EC6FB1 /* Products */ = {
			isa = PBXGroup;
			children = (
				9551FDD829721B4400EC6FB1 /* messages2.app */,
				9551FDEE29721B4600EC6FB1 /* messages2Tests.xctest */,
				9551FDF829721B4600EC6FB1 /* messages2UITests.xctest */,
			);
			name = Products;
			sourceTree = "<group>";
		};
		9551FDDA29721B4400EC6FB1 /* messages2 */ = {
			isa = PBXGroup;
			children = (
				9551FE0F2972212200EC6FB1 /* Resources */,
				9551FE0E2972210E00EC6FB1 /* ViewModels */,
				9551FE0D297220FB00EC6FB1 /* Models */,
				9551FE0C297220E700EC6FB1 /* Views */,
				9551FE0B297220D000EC6FB1 /* Controllers */,
				959213812973006A0081ED00 /* GoogleService-Info.plist */,
				9551FDE929721B4600EC6FB1 /* Info.plist */,
			);
			path = messages2;
			sourceTree = "<group>";
		};
		9551FDF129721B4600EC6FB1 /* messages2Tests */ = {
			isa = PBXGroup;
			children = (
				9551FDF229721B4600EC6FB1 /* messages2Tests.swift */,
			);
			path = messages2Tests;
			sourceTree = "<group>";
		};
		9551FDFB29721B4600EC6FB1 /* messages2UITests */ = {
			isa = PBXGroup;
			children = (
				9551FDFC29721B4600EC6FB1 /* messages2UITests.swift */,
				9551FDFE29721B4600EC6FB1 /* messages2UITestsLaunchTests.swift */,
			);
			path = messages2UITests;
			sourceTree = "<group>";
		};
		9551FE0B297220D000EC6FB1 /* Controllers */ = {
			isa = PBXGroup;
			children = (
				9592137F297300340081ED00 /* GoogleService-Info.plist */,
				9551FE1F29722A7200EC6FB1 /* Login */,
				9551FE112972226E00EC6FB1 /* ConversationsViewController.swift */,
				95921387297397DA0081ED00 /* NewConversationViewController.swift */,
				9551FE172972243800EC6FB1 /* PhotoViewerViewController.swift */,
				9551FE192972244700EC6FB1 /* VideoPlayerViewController.swift */,
				9551FE1D2972256800EC6FB1 /* ProfileViewController.swift */,
				9592138529738BD70081ED00 /* ChatViewController.swift */,
			);
			path = Controllers;
			sourceTree = "<group>";
		};
		9551FE0C297220E700EC6FB1 /* Views */ = {
			isa = PBXGroup;
			children = (
				9551FE102972217700EC6FB1 /* Storyboards */,
				9551FDE429721B4600EC6FB1 /* Assets.xcassets */,
			);
			path = Views;
			sourceTree = "<group>";
		};
		9551FE0D297220FB00EC6FB1 /* Models */ = {
			isa = PBXGroup;
			children = (
			);
			path = Models;
			sourceTree = "<group>";
		};
		9551FE0E2972210E00EC6FB1 /* ViewModels */ = {
			isa = PBXGroup;
			children = (
			);
			path = ViewModels;
			sourceTree = "<group>";
		};
		9551FE0F2972212200EC6FB1 /* Resources */ = {
			isa = PBXGroup;
			children = (
				9551FDDB29721B4400EC6FB1 /* AppDelegate.swift */,
				9551FDDD29721B4400EC6FB1 /* SceneDelegate.swift */,
				9592137D29724E080081ED00 /* Extensions.swift */,
				95921383297319510081ED00 /* DatabaseManager.swift */,
			);
			path = Resources;
			sourceTree = "<group>";
		};
		9551FE102972217700EC6FB1 /* Storyboards */ = {
			isa = PBXGroup;
			children = (
				9551FDE129721B4400EC6FB1 /* Main.storyboard */,
				9551FDE629721B4600EC6FB1 /* LaunchScreen.storyboard */,
			);
			path = Storyboards;
			sourceTree = "<group>";
		};
		9551FE1F29722A7200EC6FB1 /* Login */ = {
			isa = PBXGroup;
			children = (
				9551FE13297223F300EC6FB1 /* LoginViewController.swift */,
				9551FE152972240600EC6FB1 /* RegisterViewController.swift */,
			);
			path = Login;
			sourceTree = "<group>";
		};
/* End PBXGroup section */

/* Begin PBXNativeTarget section */
		9551FDD729721B4400EC6FB1 /* messages2 */ = {
			isa = PBXNativeTarget;
			buildConfigurationList = 9551FE0229721B4600EC6FB1 /* Build configuration list for PBXNativeTarget "messages2" */;
			buildPhases = (
				2EE19C1FEE5E3BECB4D52B99 /* [CP] Check Pods Manifest.lock */,
				9551FDD429721B4400EC6FB1 /* Sources */,
				9551FDD529721B4400EC6FB1 /* Frameworks */,
				9551FDD629721B4400EC6FB1 /* Resources */,
				2F37DCF6B49FE9E97546DD1F /* [CP] Embed Pods Frameworks */,
			);
			buildRules = (
			);
			dependencies = (
			);
			name = messages2;
			productName = messages2;
			productReference = 9551FDD829721B4400EC6FB1 /* messages2.app */;
			productType = "com.apple.product-type.application";
		};
		9551FDED29721B4600EC6FB1 /* messages2Tests */ = {
			isa = PBXNativeTarget;
			buildConfigurationList = 9551FE0529721B4600EC6FB1 /* Build configuration list for PBXNativeTarget "messages2Tests" */;
			buildPhases = (
				9551FDEA29721B4600EC6FB1 /* Sources */,
				9551FDEB29721B4600EC6FB1 /* Frameworks */,
				9551FDEC29721B4600EC6FB1 /* Resources */,
			);
			buildRules = (
			);
			dependencies = (
				9551FDF029721B4600EC6FB1 /* PBXTargetDependency */,
			);
			name = messages2Tests;
			productName = messages2Tests;
			productReference = 9551FDEE29721B4600EC6FB1 /* messages2Tests.xctest */;
			productType = "com.apple.product-type.bundle.unit-test";
		};
		9551FDF729721B4600EC6FB1 /* messages2UITests */ = {
			isa = PBXNativeTarget;
			buildConfigurationList = 9551FE0829721B4600EC6FB1 /* Build configuration list for PBXNativeTarget "messages2UITests" */;
			buildPhases = (
				9551FDF429721B4600EC6FB1 /* Sources */,
				9551FDF529721B4600EC6FB1 /* Frameworks */,
				9551FDF629721B4600EC6FB1 /* Resources */,
			);
			buildRules = (
			);
			dependencies = (
				9551FDFA29721B4600EC6FB1 /* PBXTargetDependency */,
			);
			name = messages2UITests;
			productName = messages2UITests;
			productReference = 9551FDF829721B4600EC6FB1 /* messages2UITests.xctest */;
			productType = "com.apple.product-type.bundle.ui-testing";
		};
/* End PBXNativeTarget section */

/* Begin PBXProject section */
		9551FDD029721B4400EC6FB1 /* Project object */ = {
			isa = PBXProject;
			attributes = {
				BuildIndependentTargetsInParallel = 1;
				LastSwiftUpdateCheck = 1420;
				LastUpgradeCheck = 1420;
				TargetAttributes = {
					9551FDD729721B4400EC6FB1 = {
						CreatedOnToolsVersion = 14.2;
					};
					9551FDED29721B4600EC6FB1 = {
						CreatedOnToolsVersion = 14.2;
						TestTargetID = 9551FDD729721B4400EC6FB1;
					};
					9551FDF729721B4600EC6FB1 = {
						CreatedOnToolsVersion = 14.2;
						TestTargetID = 9551FDD729721B4400EC6FB1;
					};
				};
			};
			buildConfigurationList = 9551FDD329721B4400EC6FB1 /* Build configuration list for PBXProject "messages2" */;
			compatibilityVersion = "Xcode 14.0";
			developmentRegion = en;
			hasScannedForEncodings = 0;
			knownRegions = (
				en,
				Base,
			);
			mainGroup = 9551FDCF29721B4400EC6FB1;
			productRefGroup = 9551FDD929721B4400EC6FB1 /* Products */;
			projectDirPath = "";
			projectRoot = "";
			targets = (
				9551FDD729721B4400EC6FB1 /* messages2 */,
				9551FDED29721B4600EC6FB1 /* messages2Tests */,
				9551FDF729721B4600EC6FB1 /* messages2UITests */,
			);
		};
/* End PBXProject section */

/* Begin PBXResourcesBuildPhase section */
		9551FDD629721B4400EC6FB1 /* Resources */ = {
			isa = PBXResourcesBuildPhase;
			buildActionMask = 2147483647;
			files = (
				9551FDE829721B4600EC6FB1 /* LaunchScreen.storyboard in Resources */,
				959213822973006A0081ED00 /* GoogleService-Info.plist in Resources */,
				9551FDE529721B4600EC6FB1 /* Assets.xcassets in Resources */,
				9551FDE329721B4400EC6FB1 /* Main.storyboard in Resources */,
			);
			runOnlyForDeploymentPostprocessing = 0;
		};
		9551FDEC29721B4600EC6FB1 /* Resources */ = {
			isa = PBXResourcesBuildPhase;
			buildActionMask = 2147483647;
			files = (
			);
			runOnlyForDeploymentPostprocessing = 0;
		};
		9551FDF629721B4600EC6FB1 /* Resources */ = {
			isa = PBXResourcesBuildPhase;
			buildActionMask = 2147483647;
			files = (
			);
			runOnlyForDeploymentPostprocessing = 0;
		};
/* End PBXResourcesBuildPhase section */

/* Begin PBXShellScriptBuildPhase section */
		2EE19C1FEE5E3BECB4D52B99 /* [CP] Check Pods Manifest.lock */ = {
			isa = PBXShellScriptBuildPhase;
			buildActionMask = 2147483647;
			files = (
			);
			inputFileListPaths = (
			);
			inputPaths = (
				"${PODS_PODFILE_DIR_PATH}/Podfile.lock",
				"${PODS_ROOT}/Manifest.lock",
			);
			name = "[CP] Check Pods Manifest.lock";
			outputFileListPaths = (
			);
			outputPaths = (
				"$(DERIVED_FILE_DIR)/Pods-messages2-checkManifestLockResult.txt",
			);
			runOnlyForDeploymentPostprocessing = 0;
			shellPath = /bin/sh;
			shellScript = "diff \"${PODS_PODFILE_DIR_PATH}/Podfile.lock\" \"${PODS_ROOT}/Manifest.lock\" > /dev/null\nif [ $? != 0 ] ; then\n    # print error to STDERR\n    echo \"error: The sandbox is not in sync with the Podfile.lock. Run 'pod install' or update your CocoaPods installation.\" >&2\n    exit 1\nfi\n# This output is used by Xcode 'outputs' to avoid re-running this script phase.\necho \"SUCCESS\" > \"${SCRIPT_OUTPUT_FILE_0}\"\n";
			showEnvVarsInLog = 0;
		};
		2F37DCF6B49FE9E97546DD1F /* [CP] Embed Pods Frameworks */ = {
			isa = PBXShellScriptBuildPhase;
			buildActionMask = 2147483647;
			files = (
			);
			inputFileListPaths = (
				"${PODS_ROOT}/Target Support Files/Pods-messages2/Pods-messages2-frameworks-${CONFIGURATION}-input-files.xcfilelist",
			);
			name = "[CP] Embed Pods Frameworks";
			outputFileListPaths = (
				"${PODS_ROOT}/Target Support Files/Pods-messages2/Pods-messages2-frameworks-${CONFIGURATION}-output-files.xcfilelist",
			);
			runOnlyForDeploymentPostprocessing = 0;
			shellPath = /bin/sh;
			shellScript = "\"${PODS_ROOT}/Target Support Files/Pods-messages2/Pods-messages2-frameworks.sh\"\n";
			showEnvVarsInLog = 0;
		};
/* End PBXShellScriptBuildPhase section */

/* Begin PBXSourcesBuildPhase section */
		9551FDD429721B4400EC6FB1 /* Sources */ = {
			isa = PBXSourcesBuildPhase;
			buildActionMask = 2147483647;
			files = (
				9551FE14297223F300EC6FB1 /* LoginViewController.swift in Sources */,
				95921384297319510081ED00 /* DatabaseManager.swift in Sources */,
				9551FE162972240600EC6FB1 /* RegisterViewController.swift in Sources */,
				9551FE122972226E00EC6FB1 /* ConversationsViewController.swift in Sources */,
				9551FE1A2972244700EC6FB1 /* VideoPlayerViewController.swift in Sources */,
				9592137E29724E080081ED00 /* Extensions.swift in Sources */,
				95921388297397DA0081ED00 /* NewConversationViewController.swift in Sources */,
				9551FDDC29721B4400EC6FB1 /* AppDelegate.swift in Sources */,
				9551FE1E2972256800EC6FB1 /* ProfileViewController.swift in Sources */,
				9551FDDE29721B4400EC6FB1 /* SceneDelegate.swift in Sources */,
				9592138629738BD70081ED00 /* ChatViewController.swift in Sources */,
				9551FE182972243800EC6FB1 /* PhotoViewerViewController.swift in Sources */,
			);
			runOnlyForDeploymentPostprocessing = 0;
		};
		9551FDEA29721B4600EC6FB1 /* Sources */ = {
			isa = PBXSourcesBuildPhase;
			buildActionMask = 2147483647;
			files = (
				9551FDF329721B4600EC6FB1 /* messages2Tests.swift in Sources */,
			);
			runOnlyForDeploymentPostprocessing = 0;
		};
		9551FDF429721B4600EC6FB1 /* Sources */ = {
			isa = PBXSourcesBuildPhase;
			buildActionMask = 2147483647;
			files = (
				9551FDFD29721B4600EC6FB1 /* messages2UITests.swift in Sources */,
				9551FDFF29721B4600EC6FB1 /* messages2UITestsLaunchTests.swift in Sources */,
			);
			runOnlyForDeploymentPostprocessing = 0;
		};
/* End PBXSourcesBuildPhase section */

/* Begin PBXTargetDependency section */
		9551FDF029721B4600EC6FB1 /* PBXTargetDependency */ = {
			isa = PBXTargetDependency;
			target = 9551FDD729721B4400EC6FB1 /* messages2 */;
			targetProxy = 9551FDEF29721B4600EC6FB1 /* PBXContainerItemProxy */;
		};
		9551FDFA29721B4600EC6FB1 /* PBXTargetDependency */ = {
			isa = PBXTargetDependency;
			target = 9551FDD729721B4400EC6FB1 /* messages2 */;
			targetProxy = 9551FDF929721B4600EC6FB1 /* PBXContainerItemProxy */;
		};
/* End PBXTargetDependency section */

/* Begin PBXVariantGroup section */
		9551FDE129721B4400EC6FB1 /* Main.storyboard */ = {
			isa = PBXVariantGroup;
			children = (
				9551FDE229721B4400EC6FB1 /* Base */,
			);
			name = Main.storyboard;
			sourceTree = "<group>";
		};
		9551FDE629721B4600EC6FB1 /* LaunchScreen.storyboard */ = {
			isa = PBXVariantGroup;
			children = (
				9551FDE729721B4600EC6FB1 /* Base */,
			);
			name = LaunchScreen.storyboard;
			sourceTree = "<group>";
		};
/* End PBXVariantGroup section */

/* Begin XCBuildConfiguration section */
		9551FE0029721B4600EC6FB1 /* Debug */ = {
			isa = XCBuildConfiguration;
			buildSettings = {
				ALWAYS_SEARCH_USER_PATHS = NO;
				CLANG_ANALYZER_NONNULL = YES;
				CLANG_ANALYZER_NUMBER_OBJECT_CONVERSION = YES_AGGRESSIVE;
				CLANG_CXX_LANGUAGE_STANDARD = "gnu++20";
				CLANG_ENABLE_MODULES = YES;
				CLANG_ENABLE_OBJC_ARC = YES;
				CLANG_ENABLE_OBJC_WEAK = YES;
				CLANG_WARN_BLOCK_CAPTURE_AUTORELEASING = YES;
				CLANG_WARN_BOOL_CONVERSION = YES;
				CLANG_WARN_COMMA = YES;
				CLANG_WARN_CONSTANT_CONVERSION = YES;
				CLANG_WARN_DEPRECATED_OBJC_IMPLEMENTATIONS = YES;
				CLANG_WARN_DIRECT_OBJC_ISA_USAGE = YES_ERROR;
				CLANG_WARN_DOCUMENTATION_COMMENTS = YES;
				CLANG_WARN_EMPTY_BODY = YES;
				CLANG_WARN_ENUM_CONVERSION = YES;
				CLANG_WARN_INFINITE_RECURSION = YES;
				CLANG_WARN_INT_CONVERSION = YES;
				CLANG_WARN_NON_LITERAL_NULL_CONVERSION = YES;
				CLANG_WARN_OBJC_IMPLICIT_RETAIN_SELF = YES;
				CLANG_WARN_OBJC_LITERAL_CONVERSION = YES;
				CLANG_WARN_OBJC_ROOT_CLASS = YES_ERROR;
				CLANG_WARN_QUOTED_INCLUDE_IN_FRAMEWORK_HEADER = YES;
				CLANG_WARN_RANGE_LOOP_ANALYSIS = YES;
				CLANG_WARN_STRICT_PROTOTYPES = YES;
				CLANG_WARN_SUSPICIOUS_MOVE = YES;
				CLANG_WARN_UNGUARDED_AVAILABILITY = YES_AGGRESSIVE;
				CLANG_WARN_UNREACHABLE_CODE = YES;
				CLANG_WARN__DUPLICATE_METHOD_MATCH = YES;
				COPY_PHASE_STRIP = NO;
				DEBUG_INFORMATION_FORMAT = dwarf;
				ENABLE_STRICT_OBJC_MSGSEND = YES;
				ENABLE_TESTABILITY = YES;
				GCC_C_LANGUAGE_STANDARD = gnu11;
				GCC_DYNAMIC_NO_PIC = NO;
				GCC_NO_COMMON_BLOCKS = YES;
				GCC_OPTIMIZATION_LEVEL = 0;
				GCC_PREPROCESSOR_DEFINITIONS = (
					"DEBUG=1",
					"$(inherited)",
				);
				GCC_WARN_64_TO_32_BIT_CONVERSION = YES;
				GCC_WARN_ABOUT_RETURN_TYPE = YES_ERROR;
				GCC_WARN_UNDECLARED_SELECTOR = YES;
				GCC_WARN_UNINITIALIZED_AUTOS = YES_AGGRESSIVE;
				GCC_WARN_UNUSED_FUNCTION = YES;
				GCC_WARN_UNUSED_VARIABLE = YES;
				IPHONEOS_DEPLOYMENT_TARGET = 16.2;
				MTL_ENABLE_DEBUG_INFO = INCLUDE_SOURCE;
				MTL_FAST_MATH = YES;
				ONLY_ACTIVE_ARCH = YES;
				SDKROOT = iphoneos;
				SWIFT_ACTIVE_COMPILATION_CONDITIONS = DEBUG;
				SWIFT_OPTIMIZATION_LEVEL = "-Onone";
			};
			name = Debug;
		};
		9551FE0129721B4600EC6FB1 /* Release */ = {
			isa = XCBuildConfiguration;
			buildSettings = {
				ALWAYS_SEARCH_USER_PATHS = NO;
				CLANG_ANALYZER_NONNULL = YES;
				CLANG_ANALYZER_NUMBER_OBJECT_CONVERSION = YES_AGGRESSIVE;
				CLANG_CXX_LANGUAGE_STANDARD = "gnu++20";
				CLANG_ENABLE_MODULES = YES;
				CLANG_ENABLE_OBJC_ARC = YES;
				CLANG_ENABLE_OBJC_WEAK = YES;
				CLANG_WARN_BLOCK_CAPTURE_AUTORELEASING = YES;
				CLANG_WARN_BOOL_CONVERSION = YES;
				CLANG_WARN_COMMA = YES;
				CLANG_WARN_CONSTANT_CONVERSION = YES;
				CLANG_WARN_DEPRECATED_OBJC_IMPLEMENTATIONS = YES;
				CLANG_WARN_DIRECT_OBJC_ISA_USAGE = YES_ERROR;
				CLANG_WARN_DOCUMENTATION_COMMENTS = YES;
				CLANG_WARN_EMPTY_BODY = YES;
				CLANG_WARN_ENUM_CONVERSION = YES;
				CLANG_WARN_INFINITE_RECURSION = YES;
				CLANG_WARN_INT_CONVERSION = YES;
				CLANG_WARN_NON_LITERAL_NULL_CONVERSION = YES;
				CLANG_WARN_OBJC_IMPLICIT_RETAIN_SELF = YES;
				CLANG_WARN_OBJC_LITERAL_CONVERSION = YES;
				CLANG_WARN_OBJC_ROOT_CLASS = YES_ERROR;
				CLANG_WARN_QUOTED_INCLUDE_IN_FRAMEWORK_HEADER = YES;
				CLANG_WARN_RANGE_LOOP_ANALYSIS = YES;
				CLANG_WARN_STRICT_PROTOTYPES = YES;
				CLANG_WARN_SUSPICIOUS_MOVE = YES;
				CLANG_WARN_UNGUARDED_AVAILABILITY = YES_AGGRESSIVE;
				CLANG_WARN_UNREACHABLE_CODE = YES;
				CLANG_WARN__DUPLICATE_METHOD_MATCH = YES;
				COPY_PHASE_STRIP = NO;
				DEBUG_INFORMATION_FORMAT = "dwarf-with-dsym";
				ENABLE_NS_ASSERTIONS = NO;
				ENABLE_STRICT_OBJC_MSGSEND = YES;
				GCC_C_LANGUAGE_STANDARD = gnu11;
				GCC_NO_COMMON_BLOCKS = YES;
				GCC_WARN_64_TO_32_BIT_CONVERSION = YES;
				GCC_WARN_ABOUT_RETURN_TYPE = YES_ERROR;
				GCC_WARN_UNDECLARED_SELECTOR = YES;
				GCC_WARN_UNINITIALIZED_AUTOS = YES_AGGRESSIVE;
				GCC_WARN_UNUSED_FUNCTION = YES;
				GCC_WARN_UNUSED_VARIABLE = YES;
				IPHONEOS_DEPLOYMENT_TARGET = 16.2;
				MTL_ENABLE_DEBUG_INFO = NO;
				MTL_FAST_MATH = YES;
				SDKROOT = iphoneos;
				SWIFT_COMPILATION_MODE = wholemodule;
				SWIFT_OPTIMIZATION_LEVEL = "-O";
				VALIDATE_PRODUCT = YES;
			};
			name = Release;
		};
		9551FE0329721B4600EC6FB1 /* Debug */ = {
			isa = XCBuildConfiguration;
			baseConfigurationReference = 2DF5DE1C3CFE2F3308FA9AC8 /* Pods-messages2.debug.xcconfig */;
			buildSettings = {
				ASSETCATALOG_COMPILER_APPICON_NAME = AppIcon;
				ASSETCATALOG_COMPILER_GLOBAL_ACCENT_COLOR_NAME = AccentColor;
				CODE_SIGN_STYLE = Automatic;
				CURRENT_PROJECT_VERSION = 1;
				DEVELOPMENT_TEAM = 8UA385N825;
				GENERATE_INFOPLIST_FILE = YES;
				INFOPLIST_FILE = messages2/Info.plist;
				INFOPLIST_KEY_LSApplicationCategoryType = "public.app-category.social-networking";
				INFOPLIST_KEY_NSCameraUsageDescription = "Please allow camera accsess to take a profile picture";
				INFOPLIST_KEY_NSPhotoLibraryUsageDescription = "Please allow photos so you can select a profile picture";
				INFOPLIST_KEY_UIApplicationSupportsIndirectInputEvents = YES;
				INFOPLIST_KEY_UILaunchStoryboardName = LaunchScreen;
				INFOPLIST_KEY_UIMainStoryboardFile = Main;
				INFOPLIST_KEY_UISupportedInterfaceOrientations = UIInterfaceOrientationPortrait;
				LD_RUNPATH_SEARCH_PATHS = (
					"$(inherited)",
					"@executable_path/Frameworks",
				);
				MARKETING_VERSION = 1.0;
				PRODUCT_BUNDLE_IDENTIFIER = tk.pitchblack.messages2;
				PRODUCT_NAME = "$(TARGET_NAME)";
				SUPPORTED_PLATFORMS = "iphoneos iphonesimulator";
				SUPPORTS_MACCATALYST = NO;
				SUPPORTS_MAC_DESIGNED_FOR_IPHONE_IPAD = NO;
				SWIFT_EMIT_LOC_STRINGS = YES;
				SWIFT_VERSION = 5.0;
				TARGETED_DEVICE_FAMILY = "1,2";
			};
			name = Debug;
		};
		9551FE0429721B4600EC6FB1 /* Release */ = {
			isa = XCBuildConfiguration;
			baseConfigurationReference = EE6688EF791B753DE40388E1 /* Pods-messages2.release.xcconfig */;
			buildSettings = {
				ASSETCATALOG_COMPILER_APPICON_NAME = AppIcon;
				ASSETCATALOG_COMPILER_GLOBAL_ACCENT_COLOR_NAME = AccentColor;
				CODE_SIGN_STYLE = Automatic;
				CURRENT_PROJECT_VERSION = 1;
				DEVELOPMENT_TEAM = 8UA385N825;
				GENERATE_INFOPLIST_FILE = YES;
				INFOPLIST_FILE = messages2/Info.plist;
				INFOPLIST_KEY_LSApplicationCategoryType = "public.app-category.social-networking";
				INFOPLIST_KEY_NSCameraUsageDescription = "Please allow camera accsess to take a profile picture";
				INFOPLIST_KEY_NSPhotoLibraryUsageDescription = "Please allow photos so you can select a profile picture";
				INFOPLIST_KEY_UIApplicationSupportsIndirectInputEvents = YES;
				INFOPLIST_KEY_UILaunchStoryboardName = LaunchScreen;
				INFOPLIST_KEY_UIMainStoryboardFile = Main;
				INFOPLIST_KEY_UISupportedInterfaceOrientations = UIInterfaceOrientationPortrait;
				LD_RUNPATH_SEARCH_PATHS = (
					"$(inherited)",
					"@executable_path/Frameworks",
				);
				MARKETING_VERSION = 1.0;
				PRODUCT_BUNDLE_IDENTIFIER = tk.pitchblack.messages2;
				PRODUCT_NAME = "$(TARGET_NAME)";
				SUPPORTED_PLATFORMS = "iphoneos iphonesimulator";
				SUPPORTS_MACCATALYST = NO;
				SUPPORTS_MAC_DESIGNED_FOR_IPHONE_IPAD = NO;
				SWIFT_EMIT_LOC_STRINGS = YES;
				SWIFT_VERSION = 5.0;
				TARGETED_DEVICE_FAMILY = "1,2";
			};
			name = Release;
		};
		9551FE0629721B4600EC6FB1 /* Debug */ = {
			isa = XCBuildConfiguration;
			buildSettings = {
				ALWAYS_EMBED_SWIFT_STANDARD_LIBRARIES = YES;
				BUNDLE_LOADER = "$(TEST_HOST)";
				CODE_SIGN_STYLE = Automatic;
				CURRENT_PROJECT_VERSION = 1;
				DEVELOPMENT_TEAM = 8UA385N825;
				GENERATE_INFOPLIST_FILE = YES;
				IPHONEOS_DEPLOYMENT_TARGET = 16.2;
				MARKETING_VERSION = 1.0;
				PRODUCT_BUNDLE_IDENTIFIER = tk.pitchblack.messages2Tests;
				PRODUCT_NAME = "$(TARGET_NAME)";
				SWIFT_EMIT_LOC_STRINGS = NO;
				SWIFT_VERSION = 5.0;
				TARGETED_DEVICE_FAMILY = "1,2";
				TEST_HOST = "$(BUILT_PRODUCTS_DIR)/messages2.app/$(BUNDLE_EXECUTABLE_FOLDER_PATH)/messages2";
			};
			name = Debug;
		};
		9551FE0729721B4600EC6FB1 /* Release */ = {
			isa = XCBuildConfiguration;
			buildSettings = {
				ALWAYS_EMBED_SWIFT_STANDARD_LIBRARIES = YES;
				BUNDLE_LOADER = "$(TEST_HOST)";
				CODE_SIGN_STYLE = Automatic;
				CURRENT_PROJECT_VERSION = 1;
				DEVELOPMENT_TEAM = 8UA385N825;
				GENERATE_INFOPLIST_FILE = YES;
				IPHONEOS_DEPLOYMENT_TARGET = 16.2;
				MARKETING_VERSION = 1.0;
				PRODUCT_BUNDLE_IDENTIFIER = tk.pitchblack.messages2Tests;
				PRODUCT_NAME = "$(TARGET_NAME)";
				SWIFT_EMIT_LOC_STRINGS = NO;
				SWIFT_VERSION = 5.0;
				TARGETED_DEVICE_FAMILY = "1,2";
				TEST_HOST = "$(BUILT_PRODUCTS_DIR)/messages2.app/$(BUNDLE_EXECUTABLE_FOLDER_PATH)/messages2";
			};
			name = Release;
		};
		9551FE0929721B4600EC6FB1 /* Debug */ = {
			isa = XCBuildConfiguration;
			buildSettings = {
				ALWAYS_EMBED_SWIFT_STANDARD_LIBRARIES = YES;
				CODE_SIGN_STYLE = Automatic;
				CURRENT_PROJECT_VERSION = 1;
				DEVELOPMENT_TEAM = 8UA385N825;
				GENERATE_INFOPLIST_FILE = YES;
				MARKETING_VERSION = 1.0;
				PRODUCT_BUNDLE_IDENTIFIER = tk.pitchblack.messages2UITests;
				PRODUCT_NAME = "$(TARGET_NAME)";
				SWIFT_EMIT_LOC_STRINGS = NO;
				SWIFT_VERSION = 5.0;
				TARGETED_DEVICE_FAMILY = "1,2";
				TEST_TARGET_NAME = messages2;
			};
			name = Debug;
		};
		9551FE0A29721B4600EC6FB1 /* Release */ = {
			isa = XCBuildConfiguration;
			buildSettings = {
				ALWAYS_EMBED_SWIFT_STANDARD_LIBRARIES = YES;
				CODE_SIGN_STYLE = Automatic;
				CURRENT_PROJECT_VERSION = 1;
				DEVELOPMENT_TEAM = 8UA385N825;
				GENERATE_INFOPLIST_FILE = YES;
				MARKETING_VERSION = 1.0;
				PRODUCT_BUNDLE_IDENTIFIER = tk.pitchblack.messages2UITests;
				PRODUCT_NAME = "$(TARGET_NAME)";
				SWIFT_EMIT_LOC_STRINGS = NO;
				SWIFT_VERSION = 5.0;
				TARGETED_DEVICE_FAMILY = "1,2";
				TEST_TARGET_NAME = messages2;
			};
			name = Release;
		};
/* End XCBuildConfiguration section */

/* Begin XCConfigurationList section */
		9551FDD329721B4400EC6FB1 /* Build configuration list for PBXProject "messages2" */ = {
			isa = XCConfigurationList;
			buildConfigurations = (
				9551FE0029721B4600EC6FB1 /* Debug */,
				9551FE0129721B4600EC6FB1 /* Release */,
			);
			defaultConfigurationIsVisible = 0;
			defaultConfigurationName = Release;
		};
		9551FE0229721B4600EC6FB1 /* Build configuration list for PBXNativeTarget "messages2" */ = {
			isa = XCConfigurationList;
			buildConfigurations = (
				9551FE0329721B4600EC6FB1 /* Debug */,
				9551FE0429721B4600EC6FB1 /* Release */,
			);
			defaultConfigurationIsVisible = 0;
			defaultConfigurationName = Release;
		};
		9551FE0529721B4600EC6FB1 /* Build configuration list for PBXNativeTarget "messages2Tests" */ = {
			isa = XCConfigurationList;
			buildConfigurations = (
				9551FE0629721B4600EC6FB1 /* Debug */,
				9551FE0729721B4600EC6FB1 /* Release */,
			);
			defaultConfigurationIsVisible = 0;
			defaultConfigurationName = Release;
		};
		9551FE0829721B4600EC6FB1 /* Build configuration list for PBXNativeTarget "messages2UITests" */ = {
			isa = XCConfigurationList;
			buildConfigurations = (
				9551FE0929721B4600EC6FB1 /* Debug */,
				9551FE0A29721B4600EC6FB1 /* Release */,
			);
			defaultConfigurationIsVisible = 0;
			defaultConfigurationName = Release;
		};
/* End XCConfigurationList section */
	};
	rootObject = 9551FDD029721B4400EC6FB1 /* Project object */;
}
